# GENERATED CODE - DO NOT MODIFY BY HAND.
schema: 1
release:
  tag: 'tdlib-v1.8.64'
artifacts:
  'android-arm':
    archive_sha256: 'd7bb97e498bfa2bd9d59388eb4f59076ba62e86d785d642c9c5d0bb52e557d8a'
    payload_sha256: '58ba1be8f0256fad703498aad3bd50ca493f53c3909d7e7a97fe1536409f5444'
  'android-arm64':
    archive_sha256: '6778826b15dbe21eb3eb46d9acf5aa17a64744b6799236adea07fe0719065b08'
    payload_sha256: 'f3e52c2dfb2cf83f0b9eaf35ee487eeba34c5412d2de0622cfa9fd327098f306'
  'android-x64':
    archive_sha256: 'd40a9664ac31cf39a49a5393560391cb414fa5471d97b08753904235773c236d'
    payload_sha256: '9019cde24536cd378e9b151f41d239388818a27cda152fdf0d1491304f7c5381'
  'android-ia32':
    archive_sha256: '7930a9963c94331e73111e0aa382283d63a338a85bd17978adf4627c87c28f87'
    payload_sha256: '4300ef8b3475ca2fd32d9c52e4b4340c6a981dcfd6e19f9a14ad7624878c2bef'
  'linux-x64':
    archive_sha256: '79188af42ce7b2bb9346cc33b4c2767be3bb936c20a057ad955fec5ffd67d2eb'
    payload_sha256: '71ed9e7d8a00a0f537facbc315b642ce437e9301b524ef336cc7f0c4bc4aace6'
  'windows-x64':
    archive_sha256: '4e04f0cd19a3e91421763e974aea6898c73dc970dad7a34fcf45d245e6dc9f4a'
    payload_sha256: '4327b75db6e2355811c611bb8b529a406c00c19885e0f2b73d896beefb04031e'
  'macos-arm64':
    archive_sha256: '43997e2d3f03e8e5d04907a080acc528a4afe5471640e03b65c21fdc821dcbf4'
    payload_sha256: '6309bd1bde7dc21be7beed91f04a85b25ee09600da8d3c4c491fd409a7b3a654'
  'ios-arm64':
    archive_sha256: 'd2bde019c49a7f2f68932d2191bdb463ceb069f97254862b3af6ce94c3d60d4e'
    payload_sha256: 'fdacac7c972b5a1c656d0649c0c56273f0bbb76e2044569a4f0b83a1a604ffec'

