# GENERATED CODE - DO NOT MODIFY BY HAND.
schema: 1
release:
  tag: 'tdlib-v1.8.64'
artifacts:
  'android-arm':
    archive_sha256: '0a7a106219ce3e8e2b3e62484949139b008460132b66c216d67c44f65d998295'
    payload_sha256: 'b02d2fcb9be53b2cf2861f04c1e3d8565fad4c9031382611d06af3186246bc43'
  'android-arm64':
    archive_sha256: '0a7a106219ce3e8e2b3e62484949139b008460132b66c216d67c44f65d998295'
    payload_sha256: 'b02d2fcb9be53b2cf2861f04c1e3d8565fad4c9031382611d06af3186246bc43'
  'android-x64':
    archive_sha256: '0a7a106219ce3e8e2b3e62484949139b008460132b66c216d67c44f65d998295'
    payload_sha256: 'b02d2fcb9be53b2cf2861f04c1e3d8565fad4c9031382611d06af3186246bc43'
  'android-ia32':
    archive_sha256: '0a7a106219ce3e8e2b3e62484949139b008460132b66c216d67c44f65d998295'
    payload_sha256: 'b02d2fcb9be53b2cf2861f04c1e3d8565fad4c9031382611d06af3186246bc43'
  'linux-x64':
    archive_sha256: '79188af42ce7b2bb9346cc33b4c2767be3bb936c20a057ad955fec5ffd67d2eb'
    payload_sha256: '71ed9e7d8a00a0f537facbc315b642ce437e9301b524ef336cc7f0c4bc4aace6'
  'windows-x64':
    archive_sha256: '963406c0383eade96f2a4d70731da966d6bdb40410e0e4cae512ee78822d59b5'
    payload_sha256: '66b6cd58691103415e2ef9a3f26b4465e5935deea6d59a1860f477d590363476'
  'macos-arm64':
    archive_sha256: '43997e2d3f03e8e5d04907a080acc528a4afe5471640e03b65c21fdc821dcbf4'
    payload_sha256: '6309bd1bde7dc21be7beed91f04a85b25ee09600da8d3c4c491fd409a7b3a654'
  'ios-arm64':
    archive_sha256: 'd2bde019c49a7f2f68932d2191bdb463ceb069f97254862b3af6ce94c3d60d4e'
    payload_sha256: 'fdacac7c972b5a1c656d0649c0c56273f0bbb76e2044569a4f0b83a1a604ffec'

